PODS:
  - AFNetworking (3.2.1):
    - AFNetworking/NSURLSession (= 3.2.1)
    - AFNetworking/Reachability (= 3.2.1)
    - AFNetworking/Security (= 3.2.1)
    - AFNetworking/Serialization (= 3.2.1)
    - AFNetworking/UIKit (= 3.2.1)
  - AFNetworking/NSURLSession (3.2.1):
    - AFNetworking/Reachability
    - AFNetworking/Security
    - AFNetworking/Serialization
  - AFNetworking/Reachability (3.2.1)
  - AFNetworking/Security (3.2.1)
  - AFNetworking/Serialization (3.2.1)
  - AFNetworking/UIKit (3.2.1):
    - AFNetworking/NSURLSession
  - FDKit (0.1.0):
    - FDKit/Base (= 0.1.0)
    - FDKit/Category (= 0.1.0)
    - FDKit/CustomUI (= 0.1.0)
    - FDKit/Debug (= 0.1.0)
    - FDKit/Utility (= 0.1.0)
  - FDKit/Base (0.1.0):
    - FDKit/Category
  - FDKit/Category (0.1.0):
    - FDKit/Category/NoArc (= 0.1.0)
  - FDKit/Category/NoArc (0.1.0)
  - FDKit/CustomUI (0.1.0):
    - FDKit/CustomUI/FDFontStateButton (= 0.1.0)
    - FDKit/CustomUI/FDLineHeightLabel (= 0.1.0)
    - FDKit/CustomUI/FDUnHighlightedButton (= 0.1.0)
  - FDKit/CustomUI/FDFontStateButton (0.1.0)
  - FDKit/CustomUI/FDLineHeightLabel (0.1.0)
  - FDKit/CustomUI/FDUnHighlightedButton (0.1.0)
  - FDKit/Debug (0.1.0)
  - FDKit/Utility (0.1.0):
    - FDKit/Utility/AntiDebug (= 0.1.0)
    - FDKit/Utility/Confuse (= 0.1.0)
    - FDKit/Utility/FMDB (= 0.1.0)
    - FDKit/Utility/GuideView (= 0.1.0)
    - FDKit/Utility/GYBootingProtection (= 0.1.0)
    - FDKit/Utility/LeftAlignedFlowLayout (= 0.1.0)
    - FDKit/Utility/LocationCoordinate (= 0.1.0)
    - FDKit/Utility/NetWork (= 0.1.0)
    - FDKit/Utility/PerformanceMonitor (= 0.1.0)
    - FDKit/Utility/SKUDataFilter (= 0.1.0)
    - FDKit/Utility/ThreadSafeMutableArray (= 0.1.0)
    - FDKit/Utility/WebImagePrefetcher (= 0.1.0)
  - FDKit/Utility/AntiDebug (0.1.0)
  - FDKit/Utility/Confuse (0.1.0)
  - FDKit/Utility/FMDB (0.1.0):
    - FMDB
  - FDKit/Utility/GuideView (0.1.0)
  - FDKit/Utility/GYBootingProtection (0.1.0)
  - FDKit/Utility/LeftAlignedFlowLayout (0.1.0)
  - FDKit/Utility/LocationCoordinate (0.1.0)
  - FDKit/Utility/NetWork (0.1.0):
    - AFNetworking
    - YYCache
  - FDKit/Utility/PerformanceMonitor (0.1.0)
  - FDKit/Utility/SKUDataFilter (0.1.0)
  - FDKit/Utility/ThreadSafeMutableArray (0.1.0)
  - FDKit/Utility/WebImagePrefetcher (0.1.0):
    - SDWebImage
  - FMDB (2.7.5):
    - FMDB/standard (= 2.7.5)
  - FMDB/standard (2.7.5)
  - SDWebImage (4.4.3):
    - SDWebImage/Core (= 4.4.3)
  - SDWebImage/Core (4.4.3)
  - YYCache (1.0.4)

DEPENDENCIES:
  - FDKit (from `../`)

SPEC REPOS:
  https://github.com/cocoapods/specs.git:
    - AFNetworking
    - FMDB
    - SDWebImage
    - YYCache

EXTERNAL SOURCES:
  FDKit:
    :path: "../"

SPEC CHECKSUMS:
  AFNetworking: b6f891fdfaed196b46c7a83cf209e09697b94057
  FDKit: 962ae585f7092ac62d305b437a07145b55ee00d2
  FMDB: 2ce00b547f966261cd18927a3ddb07cb6f3db82a
  SDWebImage: c5594f1a19c48d526d321e548902b56b479cd508
  YYCache: 8105b6638f5e849296c71f331ff83891a4942952

PODFILE CHECKSUM: 1e4cac7f58b03d88f2512af77de872418802d7af

COCOAPODS: 1.5.3
